
Microsoft Visual Studio Solution File, Format Version 12.00
# Visual Studio Version 17
VisualStudioVersion = 17.14.36511.14 d17.14
MinimumVisualStudioVersion = 10.0.40219.1
Project("{FAE04EC0-301F-11D3-BF4B-00C04F79EFBC}") = "UserAuthManage", "UserAuthManage.csproj", "{C26DCB7B-0687-4DBC-87DA-B0754DED0544}"
EndProject
Global
	GlobalSection(SolutionConfigurationPlatforms) = preSolution
		Debug|Any CPU = Debug|Any CPU
		Release|Any CPU = Release|Any CPU
	EndGlobalSection
	GlobalSection(ProjectConfigurationPlatforms) = postSolution
		{C26DCB7B-0687-4DBC-87DA-B0754DED0544}.Debug|Any CPU.ActiveCfg = Debug|Any CPU
		{C26DCB7B-0687-4DBC-87DA-B0754DED0544}.Debug|Any CPU.Build.0 = Debug|Any CPU
		{C26DCB7B-0687-4DBC-87DA-B0754DED0544}.Release|Any CPU.ActiveCfg = Release|Any CPU
		{C26DCB7B-0687-4DBC-87DA-B0754DED0544}.Release|Any CPU.Build.0 = Release|Any CPU
	EndGlobalSection
	GlobalSection(SolutionProperties) = preSolution
		HideSolutionNode = FALSE
	EndGlobalSection
	GlobalSection(ExtensibilityGlobals) = postSolution
		SolutionGuid = {015BDA09-EC49-434A-882C-9E2D401AEBEE}
	EndGlobalSection
EndGlobal
